
Microsoft Visual Studio Solution File, Format Version 12.00
# Visual Studio 15
VisualStudioVersion = 15.0.28307.572
MinimumVisualStudioVersion = 10.0.40219.1
Project("{FAE04EC0-301F-11D3-BF4B-00C04F79EFBC}") = "SalesWebMvc", "SalesWebMvc\SalesWebMvc.csproj", "{886AF333-3356-43C2-9DB8-485597887275}"
EndProject
Global
	GlobalSection(SolutionConfigurationPlatforms) = preSolution
		Debug|Any CPU = Debug|Any CPU
		Release|Any CPU = Release|Any CPU
	EndGlobalSection
	GlobalSection(ProjectConfigurationPlatforms) = postSolution
		{886AF333-3356-43C2-9DB8-485597887275}.Debug|Any CPU.ActiveCfg = Debug|Any CPU
		{886AF333-3356-43C2-9DB8-485597887275}.Debug|Any CPU.Build.0 = Debug|Any CPU
		{886AF333-3356-43C2-9DB8-485597887275}.Release|Any CPU.ActiveCfg = Release|Any CPU
		{886AF333-3356-43C2-9DB8-485597887275}.Release|Any CPU.Build.0 = Release|Any CPU
	EndGlobalSection
	GlobalSection(SolutionProperties) = preSolution
		HideSolutionNode = FALSE
	EndGlobalSection
	GlobalSection(ExtensibilityGlobals) = postSolution
		SolutionGuid = {69EC44AB-3071-431F-B97E-D6A2EF694CD9}
	EndGlobalSection
EndGlobal
